PODS:
  - CocoaLumberjack/Core (2.1.0)
  - CocoaLumberjack/Default (2.1.0):
    - CocoaLumberjack/Core
  - CocoaLumberjack/Extensions (2.1.0):
    - CocoaLumberjack/Default
  - CocoaLumberjack/Swift (2.1.0):
    - CocoaLumberjack/Extensions
  - SnapKit (0.15.0)

DEPENDENCIES:
  - CocoaLumberjack/Swift (~> 2.0)
  - SnapKit (~> 0.15)

SPEC CHECKSUMS:
  CocoaLumberjack: d6627e7ad42e14d41a4fa2e6c7ae42489d5f3e8b
  SnapKit: 4962eed2ee18e48cbd2b2292fffc57efe7235f87

COCOAPODS: 0.39.0
