PODS:
  - CocoaLumberjack/Core (2.1.0)
  - CocoaLumberjack/Default (2.1.0):
    - CocoaLumberjack/Core
  - CocoaLumberjack/Extensions (2.1.0):
    - CocoaLumberjack/Default
  - CocoaLumberjack/Swift (2.1.0):
    - CocoaLumberjack/Extensions
  - GBDeviceInfo (3.6.0):
    - GBDeviceInfo/Core (= 3.6.0)
  - GBDeviceInfo/Core (3.6.0)
  - SlackTextViewController (1.7.1)
  - SnapKit (0.15.0)
  - SwiftColors (0.3.1)

DEPENDENCIES:
  - CocoaLumberjack/Swift (~> 2.0)
  - GBDeviceInfo (~> 3.6)
  - SlackTextViewController (~> 1.7)
  - SnapKit (~> 0.15)
  - SwiftColors (~> 0.3)

SPEC CHECKSUMS:
  CocoaLumberjack: d6627e7ad42e14d41a4fa2e6c7ae42489d5f3e8b
  GBDeviceInfo: 9f00de7d81a99204c3eb2a8aed660129fe3a82f7
  SlackTextViewController: 139ffc5b09276ff5ac1609ac78eafab702fc974e
  SnapKit: 4962eed2ee18e48cbd2b2292fffc57efe7235f87
  SwiftColors: 61efe0bf991cfed446684e03d1e9f635f1f11a84

COCOAPODS: 0.39.0
